
Microsoft Visual Studio Solution File, Format Version 12.00
# Visual Studio Version 16
VisualStudioVersion = 16.0.29326.143
MinimumVisualStudioVersion = 10.0.40219.1
Project("{FAE04EC0-301F-11D3-BF4B-00C04F79EFBC}") = "PROGRAMACION-I", "PROGRAMACION-I\PROGRAMACION-I.csproj", "{C9AC2C1E-CCA1-427B-A656-0C567CD08A9E}"
EndProject
Global
	GlobalSection(SolutionConfigurationPlatforms) = preSolution
		Debug|Any CPU = Debug|Any CPU
		Release|Any CPU = Release|Any CPU
	EndGlobalSection
	GlobalSection(ProjectConfigurationPlatforms) = postSolution
		{C9AC2C1E-CCA1-427B-A656-0C567CD08A9E}.Debug|Any CPU.ActiveCfg = Debug|Any CPU
		{C9AC2C1E-CCA1-427B-A656-0C567CD08A9E}.Debug|Any CPU.Build.0 = Debug|Any CPU
		{C9AC2C1E-CCA1-427B-A656-0C567CD08A9E}.Release|Any CPU.ActiveCfg = Release|Any CPU
		{C9AC2C1E-CCA1-427B-A656-0C567CD08A9E}.Release|Any CPU.Build.0 = Release|Any CPU
	EndGlobalSection
	GlobalSection(SolutionProperties) = preSolution
		HideSolutionNode = FALSE
	EndGlobalSection
	GlobalSection(ExtensibilityGlobals) = postSolution
		SolutionGuid = {9FDBF680-985C-4D16-84FB-4CE53134AEE2}
	EndGlobalSection
EndGlobal
